// !$*UTF8*$!
{
	archiveVersion = 1;
	classes = {
	};
	objectVersion = 55;
	objects = {

/* Begin PBXBuildFile section */
		9BEC79A527FCBE4B003F51D9 /* GoogleService-Info.plist in Resources */ = {isa = PBXBuildFile; fileRef = 9BEC79A427FCBE4B003F51D9 /* GoogleService-Info.plist */; };
		9BEC79A727FCBF9A003F51D9 /* ImageUploader.swift in Sources */ = {isa = PBXBuildFile; fileRef = 9BEC79A627FCBF9A003F51D9 /* ImageUploader.swift */; };
		9BEC79A927FCBFA9003F51D9 /* AuthService.swift in Sources */ = {isa = PBXBuildFile; fileRef = 9BEC79A827FCBFA9003F51D9 /* AuthService.swift */; };
		9BEC79AB27FCE28F003F51D9 /* ProfileCell.swift in Sources */ = {isa = PBXBuildFile; fileRef = 9BEC79AA27FCE28F003F51D9 /* ProfileCell.swift */; };
		9BEC79AD27FCE2A1003F51D9 /* ProfileHeader.swift in Sources */ = {isa = PBXBuildFile; fileRef = 9BEC79AC27FCE2A1003F51D9 /* ProfileHeader.swift */; };
		9BEC79B027FCEA63003F51D9 /* Main.storyboard in Resources */ = {isa = PBXBuildFile; fileRef = 9BEC79AF27FCEA63003F51D9 /* Main.storyboard */; };
		9BEC79B227FE2F91003F51D9 /* UserService.swift in Sources */ = {isa = PBXBuildFile; fileRef = 9BEC79B127FE2F91003F51D9 /* UserService.swift */; };
		9BEC79B427FE2FC4003F51D9 /* Constants.swift in Sources */ = {isa = PBXBuildFile; fileRef = 9BEC79B327FE2FC4003F51D9 /* Constants.swift */; };
		9BEC79B627FE3362003F51D9 /* User.swift in Sources */ = {isa = PBXBuildFile; fileRef = 9BEC79B527FE3362003F51D9 /* User.swift */; };
		9BEC79B827FF7660003F51D9 /* ProfileHeaderViewModel.swift in Sources */ = {isa = PBXBuildFile; fileRef = 9BEC79B727FF7660003F51D9 /* ProfileHeaderViewModel.swift */; };
		9BEC79BA27FF9B89003F51D9 /* UserCell.swift in Sources */ = {isa = PBXBuildFile; fileRef = 9BEC79B927FF9B89003F51D9 /* UserCell.swift */; };
		9BEC79BC28009F0F003F51D9 /* UserCellViewModel.swift in Sources */ = {isa = PBXBuildFile; fileRef = 9BEC79BB28009F0F003F51D9 /* UserCellViewModel.swift */; };
		9BEC79BE2800E261003F51D9 /* UploadPostController.swift in Sources */ = {isa = PBXBuildFile; fileRef = 9BEC79BD2800E261003F51D9 /* UploadPostController.swift */; };
		9BEC79C02800E796003F51D9 /* InputTextView.swift in Sources */ = {isa = PBXBuildFile; fileRef = 9BEC79BF2800E796003F51D9 /* InputTextView.swift */; };
		9BF8E0ED27F3A3D600A83CC8 /* AppDelegate.swift in Sources */ = {isa = PBXBuildFile; fileRef = 9BF8E0EC27F3A3D600A83CC8 /* AppDelegate.swift */; };
		9BF8E0EF27F3A3D600A83CC8 /* SceneDelegate.swift in Sources */ = {isa = PBXBuildFile; fileRef = 9BF8E0EE27F3A3D600A83CC8 /* SceneDelegate.swift */; };
		9BF8E0F127F3A3D600A83CC8 /* ViewController.swift in Sources */ = {isa = PBXBuildFile; fileRef = 9BF8E0F027F3A3D600A83CC8 /* ViewController.swift */; };
		9BF8E0F627F3A3D800A83CC8 /* Assets.xcassets in Resources */ = {isa = PBXBuildFile; fileRef = 9BF8E0F527F3A3D800A83CC8 /* Assets.xcassets */; };
		9BF8E0F927F3A3D800A83CC8 /* LaunchScreen.storyboard in Resources */ = {isa = PBXBuildFile; fileRef = 9BF8E0F727F3A3D800A83CC8 /* LaunchScreen.storyboard */; };
		9BF8E10C27F3A4E500A83CC8 /* MainTabController.swift in Sources */ = {isa = PBXBuildFile; fileRef = 9BF8E10B27F3A4E500A83CC8 /* MainTabController.swift */; };
		9BF8E10E27F3A66700A83CC8 /* FeedController.swift in Sources */ = {isa = PBXBuildFile; fileRef = 9BF8E10D27F3A66700A83CC8 /* FeedController.swift */; };
		9BF8E11027F3A67700A83CC8 /* SearchController.swift in Sources */ = {isa = PBXBuildFile; fileRef = 9BF8E10F27F3A67700A83CC8 /* SearchController.swift */; };
		9BF8E11227F3A69300A83CC8 /* ImageSelectorController.swift in Sources */ = {isa = PBXBuildFile; fileRef = 9BF8E11127F3A69300A83CC8 /* ImageSelectorController.swift */; };
		9BF8E11427F3A6B200A83CC8 /* NotificationController.swift in Sources */ = {isa = PBXBuildFile; fileRef = 9BF8E11327F3A6B200A83CC8 /* NotificationController.swift */; };
		9BF8E11627F3A6C700A83CC8 /* ProfileController.swift in Sources */ = {isa = PBXBuildFile; fileRef = 9BF8E11527F3A6C700A83CC8 /* ProfileController.swift */; };
		9BF8E11827F6436300A83CC8 /* FeedCell.swift in Sources */ = {isa = PBXBuildFile; fileRef = 9BF8E11727F6436300A83CC8 /* FeedCell.swift */; };
		9BF8E11C27F644A700A83CC8 /* Extensions.swift in Sources */ = {isa = PBXBuildFile; fileRef = 9BF8E11B27F644A700A83CC8 /* Extensions.swift */; };
		9BF8E11F27F7812400A83CC8 /* LoginController.swift in Sources */ = {isa = PBXBuildFile; fileRef = 9BF8E11E27F7812400A83CC8 /* LoginController.swift */; };
		9BF8E12127F7814A00A83CC8 /* RegistrationController.swift in Sources */ = {isa = PBXBuildFile; fileRef = 9BF8E12027F7814A00A83CC8 /* RegistrationController.swift */; };
		9BF8E12327FB57E200A83CC8 /* CustomTextField.swift in Sources */ = {isa = PBXBuildFile; fileRef = 9BF8E12227FB57E100A83CC8 /* CustomTextField.swift */; };
		9BF8E12527FB689900A83CC8 /* AuthenticationViewModel.swift in Sources */ = {isa = PBXBuildFile; fileRef = 9BF8E12427FB689900A83CC8 /* AuthenticationViewModel.swift */; };
		BD287C8EE751D997D6E35E95 /* Pods_InstagramFireStoreDemo.framework in Frameworks */ = {isa = PBXBuildFile; fileRef = 45850B2C026BDE2380377CB4 /* Pods_InstagramFireStoreDemo.framework */; };
/* End PBXBuildFile section */

/* Begin PBXFileReference section */
		39557FF0B328E7B5FAAED6AC /* Pods-InstagramFireStoreDemo.release.xcconfig */ = {isa = PBXFileReference; includeInIndex = 1; lastKnownFileType = text.xcconfig; name = "Pods-InstagramFireStoreDemo.release.xcconfig"; path = "Target Support Files/Pods-InstagramFireStoreDemo/Pods-InstagramFireStoreDemo.release.xcconfig"; sourceTree = "<group>"; };
		3E3B09A344306005A9AD2F7D /* Pods-InstagramFireStoreDemo.debug.xcconfig */ = {isa = PBXFileReference; includeInIndex = 1; lastKnownFileType = text.xcconfig; name = "Pods-InstagramFireStoreDemo.debug.xcconfig"; path = "Target Support Files/Pods-InstagramFireStoreDemo/Pods-InstagramFireStoreDemo.debug.xcconfig"; sourceTree = "<group>"; };
		45850B2C026BDE2380377CB4 /* Pods_InstagramFireStoreDemo.framework */ = {isa = PBXFileReference; explicitFileType = wrapper.framework; includeInIndex = 0; path = Pods_InstagramFireStoreDemo.framework; sourceTree = BUILT_PRODUCTS_DIR; };
		9BEC79A427FCBE4B003F51D9 /* GoogleService-Info.plist */ = {isa = PBXFileReference; fileEncoding = 4; lastKnownFileType = text.plist.xml; path = "GoogleService-Info.plist"; sourceTree = "<group>"; };
		9BEC79A627FCBF9A003F51D9 /* ImageUploader.swift */ = {isa = PBXFileReference; lastKnownFileType = sourcecode.swift; path = ImageUploader.swift; sourceTree = "<group>"; };
		9BEC79A827FCBFA9003F51D9 /* AuthService.swift */ = {isa = PBXFileReference; lastKnownFileType = sourcecode.swift; path = AuthService.swift; sourceTree = "<group>"; };
		9BEC79AA27FCE28F003F51D9 /* ProfileCell.swift */ = {isa = PBXFileReference; lastKnownFileType = sourcecode.swift; path = ProfileCell.swift; sourceTree = "<group>"; };
		9BEC79AC27FCE2A1003F51D9 /* ProfileHeader.swift */ = {isa = PBXFileReference; lastKnownFileType = sourcecode.swift; path = ProfileHeader.swift; sourceTree = "<group>"; };
		9BEC79AF27FCEA63003F51D9 /* Main.storyboard */ = {isa = PBXFileReference; fileEncoding = 4; lastKnownFileType = file.storyboard; path = Main.storyboard; sourceTree = "<group>"; };
		9BEC79B127FE2F91003F51D9 /* UserService.swift */ = {isa = PBXFileReference; lastKnownFileType = sourcecode.swift; path = UserService.swift; sourceTree = "<group>"; };
		9BEC79B327FE2FC4003F51D9 /* Constants.swift */ = {isa = PBXFileReference; lastKnownFileType = sourcecode.swift; path = Constants.swift; sourceTree = "<group>"; };
		9BEC79B527FE3362003F51D9 /* User.swift */ = {isa = PBXFileReference; lastKnownFileType = sourcecode.swift; path = User.swift; sourceTree = "<group>"; };
		9BEC79B727FF7660003F51D9 /* ProfileHeaderViewModel.swift */ = {isa = PBXFileReference; lastKnownFileType = sourcecode.swift; path = ProfileHeaderViewModel.swift; sourceTree = "<group>"; };
		9BEC79B927FF9B89003F51D9 /* UserCell.swift */ = {isa = PBXFileReference; lastKnownFileType = sourcecode.swift; path = UserCell.swift; sourceTree = "<group>"; };
		9BEC79BB28009F0F003F51D9 /* UserCellViewModel.swift */ = {isa = PBXFileReference; lastKnownFileType = sourcecode.swift; path = UserCellViewModel.swift; sourceTree = "<group>"; };
		9BEC79BD2800E261003F51D9 /* UploadPostController.swift */ = {isa = PBXFileReference; lastKnownFileType = sourcecode.swift; path = UploadPostController.swift; sourceTree = "<group>"; };
		9BEC79BF2800E796003F51D9 /* InputTextView.swift */ = {isa = PBXFileReference; lastKnownFileType = sourcecode.swift; path = InputTextView.swift; sourceTree = "<group>"; };
		9BF8E0E927F3A3D600A83CC8 /* InstagramFireStoreDemo.app */ = {isa = PBXFileReference; explicitFileType = wrapper.application; includeInIndex = 0; path = InstagramFireStoreDemo.app; sourceTree = BUILT_PRODUCTS_DIR; };
		9BF8E0EC27F3A3D600A83CC8 /* AppDelegate.swift */ = {isa = PBXFileReference; lastKnownFileType = sourcecode.swift; path = AppDelegate.swift; sourceTree = "<group>"; };
		9BF8E0EE27F3A3D600A83CC8 /* SceneDelegate.swift */ = {isa = PBXFileReference; lastKnownFileType = sourcecode.swift; path = SceneDelegate.swift; sourceTree = "<group>"; };
		9BF8E0F027F3A3D600A83CC8 /* ViewController.swift */ = {isa = PBXFileReference; lastKnownFileType = sourcecode.swift; path = ViewController.swift; sourceTree = "<group>"; };
		9BF8E0F527F3A3D800A83CC8 /* Assets.xcassets */ = {isa = PBXFileReference; lastKnownFileType = folder.assetcatalog; path = Assets.xcassets; sourceTree = "<group>"; };
		9BF8E0F827F3A3D800A83CC8 /* Base */ = {isa = PBXFileReference; lastKnownFileType = file.storyboard; name = Base; path = Base.lproj/LaunchScreen.storyboard; sourceTree = "<group>"; };
		9BF8E0FA27F3A3D800A83CC8 /* Info.plist */ = {isa = PBXFileReference; lastKnownFileType = text.plist.xml; path = Info.plist; sourceTree = "<group>"; };
		9BF8E10B27F3A4E500A83CC8 /* MainTabController.swift */ = {isa = PBXFileReference; lastKnownFileType = sourcecode.swift; path = MainTabController.swift; sourceTree = "<group>"; };
		9BF8E10D27F3A66700A83CC8 /* FeedController.swift */ = {isa = PBXFileReference; lastKnownFileType = sourcecode.swift; path = FeedController.swift; sourceTree = "<group>"; };
		9BF8E10F27F3A67700A83CC8 /* SearchController.swift */ = {isa = PBXFileReference; lastKnownFileType = sourcecode.swift; path = SearchController.swift; sourceTree = "<group>"; };
		9BF8E11127F3A69300A83CC8 /* ImageSelectorController.swift */ = {isa = PBXFileReference; lastKnownFileType = sourcecode.swift; path = ImageSelectorController.swift; sourceTree = "<group>"; };
		9BF8E11327F3A6B200A83CC8 /* NotificationController.swift */ = {isa = PBXFileReference; lastKnownFileType = sourcecode.swift; path = NotificationController.swift; sourceTree = "<group>"; };
		9BF8E11527F3A6C700A83CC8 /* ProfileController.swift */ = {isa = PBXFileReference; lastKnownFileType = sourcecode.swift; path = ProfileController.swift; sourceTree = "<group>"; };
		9BF8E11727F6436300A83CC8 /* FeedCell.swift */ = {isa = PBXFileReference; lastKnownFileType = sourcecode.swift; path = FeedCell.swift; sourceTree = "<group>"; };
		9BF8E11B27F644A700A83CC8 /* Extensions.swift */ = {isa = PBXFileReference; fileEncoding = 4; lastKnownFileType = sourcecode.swift; path = Extensions.swift; sourceTree = "<group>"; };
		9BF8E11E27F7812400A83CC8 /* LoginController.swift */ = {isa = PBXFileReference; lastKnownFileType = sourcecode.swift; path = LoginController.swift; sourceTree = "<group>"; };
		9BF8E12027F7814A00A83CC8 /* RegistrationController.swift */ = {isa = PBXFileReference; lastKnownFileType = sourcecode.swift; path = RegistrationController.swift; sourceTree = "<group>"; };
		9BF8E12227FB57E100A83CC8 /* CustomTextField.swift */ = {isa = PBXFileReference; lastKnownFileType = sourcecode.swift; path = CustomTextField.swift; sourceTree = "<group>"; };
		9BF8E12427FB689900A83CC8 /* AuthenticationViewModel.swift */ = {isa = PBXFileReference; lastKnownFileType = sourcecode.swift; path = AuthenticationViewModel.swift; sourceTree = "<group>"; };
/* End PBXFileReference section */

/* Begin PBXFrameworksBuildPhase section */
		9BF8E0E627F3A3D600A83CC8 /* Frameworks */ = {
			isa = PBXFrameworksBuildPhase;
			buildActionMask = 2147483647;
			files = (
				BD287C8EE751D997D6E35E95 /* Pods_InstagramFireStoreDemo.framework in Frameworks */,
			);
			runOnlyForDeploymentPostprocessing = 0;
		};
/* End PBXFrameworksBuildPhase section */

/* Begin PBXGroup section */
		58C4E2C4FF86A6F376460A20 /* Frameworks */ = {
			isa = PBXGroup;
			children = (
				45850B2C026BDE2380377CB4 /* Pods_InstagramFireStoreDemo.framework */,
			);
			name = Frameworks;
			sourceTree = "<group>";
		};
		9BEC79AE27FCE2B5003F51D9 /* Profile */ = {
			isa = PBXGroup;
			children = (
				9BEC79AC27FCE2A1003F51D9 /* ProfileHeader.swift */,
				9BEC79AA27FCE28F003F51D9 /* ProfileCell.swift */,
			);
			path = Profile;
			sourceTree = "<group>";
		};
		9BF8E0E027F3A3D600A83CC8 = {
			isa = PBXGroup;
			children = (
				9BF8E0EB27F3A3D600A83CC8 /* InstagramFireStoreDemo */,
				9BF8E0EA27F3A3D600A83CC8 /* Products */,
				DC5CCB7E27FE6E5C1B6B5BD2 /* Pods */,
				58C4E2C4FF86A6F376460A20 /* Frameworks */,
			);
			sourceTree = "<group>";
		};
		9BF8E0EA27F3A3D600A83CC8 /* Products */ = {
			isa = PBXGroup;
			children = (
				9BF8E0E927F3A3D600A83CC8 /* InstagramFireStoreDemo.app */,
			);
			name = Products;
			sourceTree = "<group>";
		};
		9BF8E0EB27F3A3D600A83CC8 /* InstagramFireStoreDemo */ = {
			isa = PBXGroup;
			children = (
				9BF8E10A27F3A41F00A83CC8 /* Model */,
				9BF8E10927F3A41E00A83CC8 /* View */,
				9BF8E10827F3A41C00A83CC8 /* ViewModel */,
				9BF8E10727F3A41B00A83CC8 /* Controller */,
				9BF8E10627F3A41800A83CC8 /* API */,
				9BF8E10027F3A40800A83CC8 /* Utils */,
				9BF8E0EC27F3A3D600A83CC8 /* AppDelegate.swift */,
				9BF8E0EE27F3A3D600A83CC8 /* SceneDelegate.swift */,
				9BF8E0F027F3A3D600A83CC8 /* ViewController.swift */,
				9BF8E0F527F3A3D800A83CC8 /* Assets.xcassets */,
				9BEC79AF27FCEA63003F51D9 /* Main.storyboard */,
				9BF8E0F727F3A3D800A83CC8 /* LaunchScreen.storyboard */,
				9BF8E0FA27F3A3D800A83CC8 /* Info.plist */,
				9BEC79A427FCBE4B003F51D9 /* GoogleService-Info.plist */,
			);
			path = InstagramFireStoreDemo;
			sourceTree = "<group>";
		};
		9BF8E10027F3A40800A83CC8 /* Utils */ = {
			isa = PBXGroup;
			children = (
				9BF8E11B27F644A700A83CC8 /* Extensions.swift */,
				9BEC79B327FE2FC4003F51D9 /* Constants.swift */,
			);
			path = Utils;
			sourceTree = "<group>";
		};
		9BF8E10627F3A41800A83CC8 /* API */ = {
			isa = PBXGroup;
			children = (
				9BEC79A627FCBF9A003F51D9 /* ImageUploader.swift */,
				9BEC79A827FCBFA9003F51D9 /* AuthService.swift */,
				9BEC79B127FE2F91003F51D9 /* UserService.swift */,
			);
			path = API;
			sourceTree = "<group>";
		};
		9BF8E10727F3A41B00A83CC8 /* Controller */ = {
			isa = PBXGroup;
			children = (
				9BF8E11D27F780FF00A83CC8 /* Authentication */,
				9BF8E10B27F3A4E500A83CC8 /* MainTabController.swift */,
				9BF8E10D27F3A66700A83CC8 /* FeedController.swift */,
				9BF8E10F27F3A67700A83CC8 /* SearchController.swift */,
				9BF8E11127F3A69300A83CC8 /* ImageSelectorController.swift */,
				9BF8E11327F3A6B200A83CC8 /* NotificationController.swift */,
				9BF8E11527F3A6C700A83CC8 /* ProfileController.swift */,
				9BEC79BD2800E261003F51D9 /* UploadPostController.swift */,
			);
			path = Controller;
			sourceTree = "<group>";
		};
		9BF8E10827F3A41C00A83CC8 /* ViewModel */ = {
			isa = PBXGroup;
			children = (
				9BF8E12427FB689900A83CC8 /* AuthenticationViewModel.swift */,
				9BEC79B727FF7660003F51D9 /* ProfileHeaderViewModel.swift */,
				9BEC79BB28009F0F003F51D9 /* UserCellViewModel.swift */,
			);
			path = ViewModel;
			sourceTree = "<group>";
		};
		9BF8E10927F3A41E00A83CC8 /* View */ = {
			isa = PBXGroup;
			children = (
				9BEC79AE27FCE2B5003F51D9 /* Profile */,
				9BF8E11727F6436300A83CC8 /* FeedCell.swift */,
				9BF8E12227FB57E100A83CC8 /* CustomTextField.swift */,
				9BEC79B927FF9B89003F51D9 /* UserCell.swift */,
				9BEC79BF2800E796003F51D9 /* InputTextView.swift */,
			);
			path = View;
			sourceTree = "<group>";
		};
		9BF8E10A27F3A41F00A83CC8 /* Model */ = {
			isa = PBXGroup;
			children = (
				9BEC79B527FE3362003F51D9 /* User.swift */,
			);
			path = Model;
			sourceTree = "<group>";
		};
		9BF8E11D27F780FF00A83CC8 /* Authentication */ = {
			isa = PBXGroup;
			children = (
				9BF8E11E27F7812400A83CC8 /* LoginController.swift */,
				9BF8E12027F7814A00A83CC8 /* RegistrationController.swift */,
			);
			path = Authentication;
			sourceTree = "<group>";
		};
		DC5CCB7E27FE6E5C1B6B5BD2 /* Pods */ = {
			isa = PBXGroup;
			children = (
				3E3B09A344306005A9AD2F7D /* Pods-InstagramFireStoreDemo.debug.xcconfig */,
				39557FF0B328E7B5FAAED6AC /* Pods-InstagramFireStoreDemo.release.xcconfig */,
			);
			path = Pods;
			sourceTree = "<group>";
		};
/* End PBXGroup section */

/* Begin PBXNativeTarget section */
		9BF8E0E827F3A3D600A83CC8 /* InstagramFireStoreDemo */ = {
			isa = PBXNativeTarget;
			buildConfigurationList = 9BF8E0FD27F3A3D800A83CC8 /* Build configuration list for PBXNativeTarget "InstagramFireStoreDemo" */;
			buildPhases = (
				3A1B47940C34A243AE1086EF /* [CP] Check Pods Manifest.lock */,
				9BF8E0E527F3A3D600A83CC8 /* Sources */,
				9BF8E0E627F3A3D600A83CC8 /* Frameworks */,
				9BF8E0E727F3A3D600A83CC8 /* Resources */,
				248C31028C96994233BD7EF4 /* [CP] Embed Pods Frameworks */,
			);
			buildRules = (
			);
			dependencies = (
			);
			name = InstagramFireStoreDemo;
			productName = InstagramFireStoreDemo;
			productReference = 9BF8E0E927F3A3D600A83CC8 /* InstagramFireStoreDemo.app */;
			productType = "com.apple.product-type.application";
		};
/* End PBXNativeTarget section */

/* Begin PBXProject section */
		9BF8E0E127F3A3D600A83CC8 /* Project object */ = {
			isa = PBXProject;
			attributes = {
				BuildIndependentTargetsInParallel = 1;
				LastSwiftUpdateCheck = 1320;
				LastUpgradeCheck = 1320;
				TargetAttributes = {
					9BF8E0E827F3A3D600A83CC8 = {
						CreatedOnToolsVersion = 13.2.1;
					};
				};
			};
			buildConfigurationList = 9BF8E0E427F3A3D600A83CC8 /* Build configuration list for PBXProject "InstagramFireStoreDemo" */;
			compatibilityVersion = "Xcode 13.0";
			developmentRegion = en;
			hasScannedForEncodings = 0;
			knownRegions = (
				en,
				Base,
			);
			mainGroup = 9BF8E0E027F3A3D600A83CC8;
			productRefGroup = 9BF8E0EA27F3A3D600A83CC8 /* Products */;
			projectDirPath = "";
			projectRoot = "";
			targets = (
				9BF8E0E827F3A3D600A83CC8 /* InstagramFireStoreDemo */,
			);
		};
/* End PBXProject section */

/* Begin PBXResourcesBuildPhase section */
		9BF8E0E727F3A3D600A83CC8 /* Resources */ = {
			isa = PBXResourcesBuildPhase;
			buildActionMask = 2147483647;
			files = (
				9BF8E0F927F3A3D800A83CC8 /* LaunchScreen.storyboard in Resources */,
				9BEC79A527FCBE4B003F51D9 /* GoogleService-Info.plist in Resources */,
				9BF8E0F627F3A3D800A83CC8 /* Assets.xcassets in Resources */,
				9BEC79B027FCEA63003F51D9 /* Main.storyboard in Resources */,
			);
			runOnlyForDeploymentPostprocessing = 0;
		};
/* End PBXResourcesBuildPhase section */

/* Begin PBXShellScriptBuildPhase section */
		248C31028C96994233BD7EF4 /* [CP] Embed Pods Frameworks */ = {
			isa = PBXShellScriptBuildPhase;
			buildActionMask = 2147483647;
			files = (
			);
			inputFileListPaths = (
				"${PODS_ROOT}/Target Support Files/Pods-InstagramFireStoreDemo/Pods-InstagramFireStoreDemo-frameworks-${CONFIGURATION}-input-files.xcfilelist",
			);
			name = "[CP] Embed Pods Frameworks";
			outputFileListPaths = (
				"${PODS_ROOT}/Target Support Files/Pods-InstagramFireStoreDemo/Pods-InstagramFireStoreDemo-frameworks-${CONFIGURATION}-output-files.xcfilelist",
			);
			runOnlyForDeploymentPostprocessing = 0;
			shellPath = /bin/sh;
			shellScript = "\"${PODS_ROOT}/Target Support Files/Pods-InstagramFireStoreDemo/Pods-InstagramFireStoreDemo-frameworks.sh\"\n";
			showEnvVarsInLog = 0;
		};
		3A1B47940C34A243AE1086EF /* [CP] Check Pods Manifest.lock */ = {
			isa = PBXShellScriptBuildPhase;
			buildActionMask = 2147483647;
			files = (
			);
			inputFileListPaths = (
			);
			inputPaths = (
				"${PODS_PODFILE_DIR_PATH}/Podfile.lock",
				"${PODS_ROOT}/Manifest.lock",
			);
			name = "[CP] Check Pods Manifest.lock";
			outputFileListPaths = (
			);
			outputPaths = (
				"$(DERIVED_FILE_DIR)/Pods-InstagramFireStoreDemo-checkManifestLockResult.txt",
			);
			runOnlyForDeploymentPostprocessing = 0;
			shellPath = /bin/sh;
			shellScript = "diff \"${PODS_PODFILE_DIR_PATH}/Podfile.lock\" \"${PODS_ROOT}/Manifest.lock\" > /dev/null\nif [ $? != 0 ] ; then\n    # print error to STDERR\n    echo \"error: The sandbox is not in sync with the Podfile.lock. Run 'pod install' or update your CocoaPods installation.\" >&2\n    exit 1\nfi\n# This output is used by Xcode 'outputs' to avoid re-running this script phase.\necho \"SUCCESS\" > \"${SCRIPT_OUTPUT_FILE_0}\"\n";
			showEnvVarsInLog = 0;
		};
/* End PBXShellScriptBuildPhase section */

/* Begin PBXSourcesBuildPhase section */
		9BF8E0E527F3A3D600A83CC8 /* Sources */ = {
			isa = PBXSourcesBuildPhase;
			buildActionMask = 2147483647;
			files = (
				9BF8E12327FB57E200A83CC8 /* CustomTextField.swift in Sources */,
				9BEC79AD27FCE2A1003F51D9 /* ProfileHeader.swift in Sources */,
				9BEC79BE2800E261003F51D9 /* UploadPostController.swift in Sources */,
				9BF8E0F127F3A3D600A83CC8 /* ViewController.swift in Sources */,
				9BF8E11F27F7812400A83CC8 /* LoginController.swift in Sources */,
				9BF8E11827F6436300A83CC8 /* FeedCell.swift in Sources */,
				9BF8E11227F3A69300A83CC8 /* ImageSelectorController.swift in Sources */,
				9BF8E11427F3A6B200A83CC8 /* NotificationController.swift in Sources */,
				9BF8E12527FB689900A83CC8 /* AuthenticationViewModel.swift in Sources */,
				9BEC79BA27FF9B89003F51D9 /* UserCell.swift in Sources */,
				9BF8E11027F3A67700A83CC8 /* SearchController.swift in Sources */,
				9BF8E0ED27F3A3D600A83CC8 /* AppDelegate.swift in Sources */,
				9BEC79B627FE3362003F51D9 /* User.swift in Sources */,
				9BF8E11627F3A6C700A83CC8 /* ProfileController.swift in Sources */,
				9BEC79B827FF7660003F51D9 /* ProfileHeaderViewModel.swift in Sources */,
				9BEC79C02800E796003F51D9 /* InputTextView.swift in Sources */,
				9BEC79B427FE2FC4003F51D9 /* Constants.swift in Sources */,
				9BF8E10E27F3A66700A83CC8 /* FeedController.swift in Sources */,
				9BEC79BC28009F0F003F51D9 /* UserCellViewModel.swift in Sources */,
				9BF8E10C27F3A4E500A83CC8 /* MainTabController.swift in Sources */,
				9BF8E11C27F644A700A83CC8 /* Extensions.swift in Sources */,
				9BEC79A727FCBF9A003F51D9 /* ImageUploader.swift in Sources */,
				9BEC79A927FCBFA9003F51D9 /* AuthService.swift in Sources */,
				9BEC79B227FE2F91003F51D9 /* UserService.swift in Sources */,
				9BEC79AB27FCE28F003F51D9 /* ProfileCell.swift in Sources */,
				9BF8E0EF27F3A3D600A83CC8 /* SceneDelegate.swift in Sources */,
				9BF8E12127F7814A00A83CC8 /* RegistrationController.swift in Sources */,
			);
			runOnlyForDeploymentPostprocessing = 0;
		};
/* End PBXSourcesBuildPhase section */

/* Begin PBXVariantGroup section */
		9BF8E0F727F3A3D800A83CC8 /* LaunchScreen.storyboard */ = {
			isa = PBXVariantGroup;
			children = (
				9BF8E0F827F3A3D800A83CC8 /* Base */,
			);
			name = LaunchScreen.storyboard;
			sourceTree = "<group>";
		};
/* End PBXVariantGroup section */

/* Begin XCBuildConfiguration section */
		9BF8E0FB27F3A3D800A83CC8 /* Debug */ = {
			isa = XCBuildConfiguration;
			buildSettings = {
				ALWAYS_SEARCH_USER_PATHS = NO;
				CLANG_ANALYZER_NONNULL = YES;
				CLANG_ANALYZER_NUMBER_OBJECT_CONVERSION = YES_AGGRESSIVE;
				CLANG_CXX_LANGUAGE_STANDARD = "gnu++17";
				CLANG_CXX_LIBRARY = "libc++";
				CLANG_ENABLE_MODULES = YES;
				CLANG_ENABLE_OBJC_ARC = YES;
				CLANG_ENABLE_OBJC_WEAK = YES;
				CLANG_WARN_BLOCK_CAPTURE_AUTORELEASING = YES;
				CLANG_WARN_BOOL_CONVERSION = YES;
				CLANG_WARN_COMMA = YES;
				CLANG_WARN_CONSTANT_CONVERSION = YES;
				CLANG_WARN_DEPRECATED_OBJC_IMPLEMENTATIONS = YES;
				CLANG_WARN_DIRECT_OBJC_ISA_USAGE = YES_ERROR;
				CLANG_WARN_DOCUMENTATION_COMMENTS = YES;
				CLANG_WARN_EMPTY_BODY = YES;
				CLANG_WARN_ENUM_CONVERSION = YES;
				CLANG_WARN_INFINITE_RECURSION = YES;
				CLANG_WARN_INT_CONVERSION = YES;
				CLANG_WARN_NON_LITERAL_NULL_CONVERSION = YES;
				CLANG_WARN_OBJC_IMPLICIT_RETAIN_SELF = YES;
				CLANG_WARN_OBJC_LITERAL_CONVERSION = YES;
				CLANG_WARN_OBJC_ROOT_CLASS = YES_ERROR;
				CLANG_WARN_QUOTED_INCLUDE_IN_FRAMEWORK_HEADER = YES;
				CLANG_WARN_RANGE_LOOP_ANALYSIS = YES;
				CLANG_WARN_STRICT_PROTOTYPES = YES;
				CLANG_WARN_SUSPICIOUS_MOVE = YES;
				CLANG_WARN_UNGUARDED_AVAILABILITY = YES_AGGRESSIVE;
				CLANG_WARN_UNREACHABLE_CODE = YES;
				CLANG_WARN__DUPLICATE_METHOD_MATCH = YES;
				COPY_PHASE_STRIP = NO;
				DEBUG_INFORMATION_FORMAT = dwarf;
				ENABLE_STRICT_OBJC_MSGSEND = YES;
				ENABLE_TESTABILITY = YES;
				GCC_C_LANGUAGE_STANDARD = gnu11;
				GCC_DYNAMIC_NO_PIC = NO;
				GCC_NO_COMMON_BLOCKS = YES;
				GCC_OPTIMIZATION_LEVEL = 0;
				GCC_PREPROCESSOR_DEFINITIONS = (
					"DEBUG=1",
					"$(inherited)",
				);
				GCC_WARN_64_TO_32_BIT_CONVERSION = YES;
				GCC_WARN_ABOUT_RETURN_TYPE = YES_ERROR;
				GCC_WARN_UNDECLARED_SELECTOR = YES;
				GCC_WARN_UNINITIALIZED_AUTOS = YES_AGGRESSIVE;
				GCC_WARN_UNUSED_FUNCTION = YES;
				GCC_WARN_UNUSED_VARIABLE = YES;
				IPHONEOS_DEPLOYMENT_TARGET = 15.2;
				MTL_ENABLE_DEBUG_INFO = INCLUDE_SOURCE;
				MTL_FAST_MATH = YES;
				ONLY_ACTIVE_ARCH = YES;
				SDKROOT = iphoneos;
				SWIFT_ACTIVE_COMPILATION_CONDITIONS = DEBUG;
				SWIFT_OPTIMIZATION_LEVEL = "-Onone";
			};
			name = Debug;
		};
		9BF8E0FC27F3A3D800A83CC8 /* Release */ = {
			isa = XCBuildConfiguration;
			buildSettings = {
				ALWAYS_SEARCH_USER_PATHS = NO;
				CLANG_ANALYZER_NONNULL = YES;
				CLANG_ANALYZER_NUMBER_OBJECT_CONVERSION = YES_AGGRESSIVE;
				CLANG_CXX_LANGUAGE_STANDARD = "gnu++17";
				CLANG_CXX_LIBRARY = "libc++";
				CLANG_ENABLE_MODULES = YES;
				CLANG_ENABLE_OBJC_ARC = YES;
				CLANG_ENABLE_OBJC_WEAK = YES;
				CLANG_WARN_BLOCK_CAPTURE_AUTORELEASING = YES;
				CLANG_WARN_BOOL_CONVERSION = YES;
				CLANG_WARN_COMMA = YES;
				CLANG_WARN_CONSTANT_CONVERSION = YES;
				CLANG_WARN_DEPRECATED_OBJC_IMPLEMENTATIONS = YES;
				CLANG_WARN_DIRECT_OBJC_ISA_USAGE = YES_ERROR;
				CLANG_WARN_DOCUMENTATION_COMMENTS = YES;
				CLANG_WARN_EMPTY_BODY = YES;
				CLANG_WARN_ENUM_CONVERSION = YES;
				CLANG_WARN_INFINITE_RECURSION = YES;
				CLANG_WARN_INT_CONVERSION = YES;
				CLANG_WARN_NON_LITERAL_NULL_CONVERSION = YES;
				CLANG_WARN_OBJC_IMPLICIT_RETAIN_SELF = YES;
				CLANG_WARN_OBJC_LITERAL_CONVERSION = YES;
				CLANG_WARN_OBJC_ROOT_CLASS = YES_ERROR;
				CLANG_WARN_QUOTED_INCLUDE_IN_FRAMEWORK_HEADER = YES;
				CLANG_WARN_RANGE_LOOP_ANALYSIS = YES;
				CLANG_WARN_STRICT_PROTOTYPES = YES;
				CLANG_WARN_SUSPICIOUS_MOVE = YES;
				CLANG_WARN_UNGUARDED_AVAILABILITY = YES_AGGRESSIVE;
				CLANG_WARN_UNREACHABLE_CODE = YES;
				CLANG_WARN__DUPLICATE_METHOD_MATCH = YES;
				COPY_PHASE_STRIP = NO;
				DEBUG_INFORMATION_FORMAT = "dwarf-with-dsym";
				ENABLE_NS_ASSERTIONS = NO;
				ENABLE_STRICT_OBJC_MSGSEND = YES;
				GCC_C_LANGUAGE_STANDARD = gnu11;
				GCC_NO_COMMON_BLOCKS = YES;
				GCC_WARN_64_TO_32_BIT_CONVERSION = YES;
				GCC_WARN_ABOUT_RETURN_TYPE = YES_ERROR;
				GCC_WARN_UNDECLARED_SELECTOR = YES;
				GCC_WARN_UNINITIALIZED_AUTOS = YES_AGGRESSIVE;
				GCC_WARN_UNUSED_FUNCTION = YES;
				GCC_WARN_UNUSED_VARIABLE = YES;
				IPHONEOS_DEPLOYMENT_TARGET = 15.2;
				MTL_ENABLE_DEBUG_INFO = NO;
				MTL_FAST_MATH = YES;
				SDKROOT = iphoneos;
				SWIFT_COMPILATION_MODE = wholemodule;
				SWIFT_OPTIMIZATION_LEVEL = "-O";
				VALIDATE_PRODUCT = YES;
			};
			name = Release;
		};
		9BF8E0FE27F3A3D800A83CC8 /* Debug */ = {
			isa = XCBuildConfiguration;
			baseConfigurationReference = 3E3B09A344306005A9AD2F7D /* Pods-InstagramFireStoreDemo.debug.xcconfig */;
			buildSettings = {
				ASSETCATALOG_COMPILER_APPICON_NAME = AppIcon;
				ASSETCATALOG_COMPILER_GLOBAL_ACCENT_COLOR_NAME = AccentColor;
				CODE_SIGN_STYLE = Automatic;
				CURRENT_PROJECT_VERSION = 1;
				DEVELOPMENT_TEAM = W6N8BEGK49;
				GENERATE_INFOPLIST_FILE = YES;
				INFOPLIST_FILE = InstagramFireStoreDemo/Info.plist;
				INFOPLIST_KEY_UIApplicationSupportsIndirectInputEvents = YES;
				INFOPLIST_KEY_UILaunchStoryboardName = LaunchScreen;
				INFOPLIST_KEY_UIMainStoryboardFile = Main;
				INFOPLIST_KEY_UISupportedInterfaceOrientations_iPad = "UIInterfaceOrientationPortrait UIInterfaceOrientationPortraitUpsideDown UIInterfaceOrientationLandscapeLeft UIInterfaceOrientationLandscapeRight";
				INFOPLIST_KEY_UISupportedInterfaceOrientations_iPhone = "UIInterfaceOrientationPortrait UIInterfaceOrientationLandscapeLeft UIInterfaceOrientationLandscapeRight";
				LD_RUNPATH_SEARCH_PATHS = (
					"$(inherited)",
					"@executable_path/Frameworks",
				);
				MARKETING_VERSION = 1.0;
				PRODUCT_BUNDLE_IDENTIFIER = "co.appbrewery.Quizzler-iOS13-yosuke";
				PRODUCT_NAME = "$(TARGET_NAME)";
				SWIFT_EMIT_LOC_STRINGS = YES;
				SWIFT_VERSION = 5.0;
				TARGETED_DEVICE_FAMILY = "1,2";
			};
			name = Debug;
		};
		9BF8E0FF27F3A3D800A83CC8 /* Release */ = {
			isa = XCBuildConfiguration;
			baseConfigurationReference = 39557FF0B328E7B5FAAED6AC /* Pods-InstagramFireStoreDemo.release.xcconfig */;
			buildSettings = {
				ASSETCATALOG_COMPILER_APPICON_NAME = AppIcon;
				ASSETCATALOG_COMPILER_GLOBAL_ACCENT_COLOR_NAME = AccentColor;
				CODE_SIGN_STYLE = Automatic;
				CURRENT_PROJECT_VERSION = 1;
				DEVELOPMENT_TEAM = W6N8BEGK49;
				GENERATE_INFOPLIST_FILE = YES;
				INFOPLIST_FILE = InstagramFireStoreDemo/Info.plist;
				INFOPLIST_KEY_UIApplicationSupportsIndirectInputEvents = YES;
				INFOPLIST_KEY_UILaunchStoryboardName = LaunchScreen;
				INFOPLIST_KEY_UIMainStoryboardFile = Main;
				INFOPLIST_KEY_UISupportedInterfaceOrientations_iPad = "UIInterfaceOrientationPortrait UIInterfaceOrientationPortraitUpsideDown UIInterfaceOrientationLandscapeLeft UIInterfaceOrientationLandscapeRight";
				INFOPLIST_KEY_UISupportedInterfaceOrientations_iPhone = "UIInterfaceOrientationPortrait UIInterfaceOrientationLandscapeLeft UIInterfaceOrientationLandscapeRight";
				LD_RUNPATH_SEARCH_PATHS = (
					"$(inherited)",
					"@executable_path/Frameworks",
				);
				MARKETING_VERSION = 1.0;
				PRODUCT_BUNDLE_IDENTIFIER = "co.appbrewery.Quizzler-iOS13-yosuke";
				PRODUCT_NAME = "$(TARGET_NAME)";
				SWIFT_EMIT_LOC_STRINGS = YES;
				SWIFT_VERSION = 5.0;
				TARGETED_DEVICE_FAMILY = "1,2";
			};
			name = Release;
		};
/* End XCBuildConfiguration section */

/* Begin XCConfigurationList section */
		9BF8E0E427F3A3D600A83CC8 /* Build configuration list for PBXProject "InstagramFireStoreDemo" */ = {
			isa = XCConfigurationList;
			buildConfigurations = (
				9BF8E0FB27F3A3D800A83CC8 /* Debug */,
				9BF8E0FC27F3A3D800A83CC8 /* Release */,
			);
			defaultConfigurationIsVisible = 0;
			defaultConfigurationName = Release;
		};
		9BF8E0FD27F3A3D800A83CC8 /* Build configuration list for PBXNativeTarget "InstagramFireStoreDemo" */ = {
			isa = XCConfigurationList;
			buildConfigurations = (
				9BF8E0FE27F3A3D800A83CC8 /* Debug */,
				9BF8E0FF27F3A3D800A83CC8 /* Release */,
			);
			defaultConfigurationIsVisible = 0;
			defaultConfigurationName = Release;
		};
/* End XCConfigurationList section */
	};
	rootObject = 9BF8E0E127F3A3D600A83CC8 /* Project object */;
}
